
Microsoft Visual Studio Solution File, Format Version 12.00
# Visual Studio 15
VisualStudioVersion = 15.0.28307.421
MinimumVisualStudioVersion = 10.0.40219.1
Project("{FAE04EC0-301F-11D3-BF4B-00C04F79EFBC}") = "Trees", "Trees\Trees.csproj", "{6234AEB2-3BAE-490B-B91A-366B643AD792}"
EndProject
Global
	GlobalSection(SolutionConfigurationPlatforms) = preSolution
		Debug|Any CPU = Debug|Any CPU
		Release|Any CPU = Release|Any CPU
	EndGlobalSection
	GlobalSection(ProjectConfigurationPlatforms) = postSolution
		{6234AEB2-3BAE-490B-B91A-366B643AD792}.Debug|Any CPU.ActiveCfg = Debug|Any CPU
		{6234AEB2-3BAE-490B-B91A-366B643AD792}.Debug|Any CPU.Build.0 = Debug|Any CPU
		{6234AEB2-3BAE-490B-B91A-366B643AD792}.Release|Any CPU.ActiveCfg = Release|Any CPU
		{6234AEB2-3BAE-490B-B91A-366B643AD792}.Release|Any CPU.Build.0 = Release|Any CPU
	EndGlobalSection
	GlobalSection(SolutionProperties) = preSolution
		HideSolutionNode = FALSE
	EndGlobalSection
	GlobalSection(ExtensibilityGlobals) = postSolution
		SolutionGuid = {E019FB65-22BF-44C6-9E9C-69FD8856016C}
	EndGlobalSection
EndGlobal
