
Microsoft Visual Studio Solution File, Format Version 12.00
# Visual Studio 15
VisualStudioVersion = 15.0.28307.572
MinimumVisualStudioVersion = 10.0.40219.1
Project("{FAE04EC0-301F-11D3-BF4B-00C04F79EFBC}") = "HashTable", "HashTable\HashTable.csproj", "{7D77AEEC-7336-4AAD-9524-B775D3287A3D}"
EndProject
Project("{FAE04EC0-301F-11D3-BF4B-00C04F79EFBC}") = "Tests", "Tests\Tests.csproj", "{BCAC29AF-A70C-4A9D-AF3D-0EF0D9BB4396}"
EndProject
Project("{FAE04EC0-301F-11D3-BF4B-00C04F79EFBC}") = "ConsoleApp", "ConsoleApp\ConsoleApp.csproj", "{40250446-F77A-4C61-A040-8F621183E2E3}"
EndProject
Global
	GlobalSection(SolutionConfigurationPlatforms) = preSolution
		Debug|Any CPU = Debug|Any CPU
		Release|Any CPU = Release|Any CPU
	EndGlobalSection
	GlobalSection(ProjectConfigurationPlatforms) = postSolution
		{7D77AEEC-7336-4AAD-9524-B775D3287A3D}.Debug|Any CPU.ActiveCfg = Debug|Any CPU
		{7D77AEEC-7336-4AAD-9524-B775D3287A3D}.Debug|Any CPU.Build.0 = Debug|Any CPU
		{7D77AEEC-7336-4AAD-9524-B775D3287A3D}.Release|Any CPU.ActiveCfg = Release|Any CPU
		{7D77AEEC-7336-4AAD-9524-B775D3287A3D}.Release|Any CPU.Build.0 = Release|Any CPU
		{BCAC29AF-A70C-4A9D-AF3D-0EF0D9BB4396}.Debug|Any CPU.ActiveCfg = Debug|Any CPU
		{BCAC29AF-A70C-4A9D-AF3D-0EF0D9BB4396}.Debug|Any CPU.Build.0 = Debug|Any CPU
		{BCAC29AF-A70C-4A9D-AF3D-0EF0D9BB4396}.Release|Any CPU.ActiveCfg = Release|Any CPU
		{BCAC29AF-A70C-4A9D-AF3D-0EF0D9BB4396}.Release|Any CPU.Build.0 = Release|Any CPU
		{40250446-F77A-4C61-A040-8F621183E2E3}.Debug|Any CPU.ActiveCfg = Debug|Any CPU
		{40250446-F77A-4C61-A040-8F621183E2E3}.Debug|Any CPU.Build.0 = Debug|Any CPU
		{40250446-F77A-4C61-A040-8F621183E2E3}.Release|Any CPU.ActiveCfg = Release|Any CPU
		{40250446-F77A-4C61-A040-8F621183E2E3}.Release|Any CPU.Build.0 = Release|Any CPU
	EndGlobalSection
	GlobalSection(SolutionProperties) = preSolution
		HideSolutionNode = FALSE
	EndGlobalSection
	GlobalSection(ExtensibilityGlobals) = postSolution
		SolutionGuid = {01C43739-B5DD-403A-8632-3BD2BB19C225}
	EndGlobalSection
EndGlobal
